
Microsoft Visual Studio Solution File, Format Version 12.00
# Visual Studio Version 16
VisualStudioVersion = 16.0.30611.23
MinimumVisualStudioVersion = 10.0.40219.1
Project("{2150E333-8FDC-42A3-9474-1A3956D46DE8}") = "CleanArchitectureTemplate.Aplication", "CleanArchitectureTemplate.Aplication", "{ED10BD5A-F1C7-4C85-8606-E1151DD9E90E}"
EndProject
Project("{2150E333-8FDC-42A3-9474-1A3956D46DE8}") = "CleanArchitectureTemplate.Domain", "CleanArchitectureTemplate.Domain", "{8CCF1A3F-F3AA-466E-A8EE-4988FE8F6532}"
EndProject
Project("{2150E333-8FDC-42A3-9474-1A3956D46DE8}") = "CleanArchitectureTemplate.Infrastructure", "CleanArchitectureTemplate.Infrastructure", "{2553F261-B215-4F99-AA50-BC61254E687D}"
EndProject
Project("{2150E333-8FDC-42A3-9474-1A3956D46DE8}") = "CleanArchitectureTemplate.Presentation", "CleanArchitectureTemplate.Presentation", "{707965D2-38C0-4C23-9653-CB769D282FDD}"
EndProject
Project("{FAE04EC0-301F-11D3-BF4B-00C04F79EFBC}") = "CleanArchitecture.API", "CleanArchitectureTemplate.WebAPI\CleanArchitecture.API.csproj", "{AD7097FB-356D-4512-9995-E015312223BB}"
EndProject
Project("{2150E333-8FDC-42A3-9474-1A3956D46DE8}") = "Data", "Data", "{A2B95D2F-E039-47F0-BB1E-5AD06BD7C865}"
EndProject
Project("{2150E333-8FDC-42A3-9474-1A3956D46DE8}") = "Dependency", "Dependency", "{62C83A3D-F0BB-4CD9-8481-9896E1DDE2B5}"
EndProject
Project("{FAE04EC0-301F-11D3-BF4B-00C04F79EFBC}") = "CleanArchitecture.Domain", "CleanArchitecture.Domain\CleanArchitecture.Domain.csproj", "{C0577F9B-60D6-4014-A22F-651586A1EF3F}"
EndProject
Global
	GlobalSection(SolutionConfigurationPlatforms) = preSolution
		Debug|Any CPU = Debug|Any CPU
		Release|Any CPU = Release|Any CPU
	EndGlobalSection
	GlobalSection(ProjectConfigurationPlatforms) = postSolution
		{AD7097FB-356D-4512-9995-E015312223BB}.Debug|Any CPU.ActiveCfg = Debug|Any CPU
		{AD7097FB-356D-4512-9995-E015312223BB}.Debug|Any CPU.Build.0 = Debug|Any CPU
		{AD7097FB-356D-4512-9995-E015312223BB}.Release|Any CPU.ActiveCfg = Release|Any CPU
		{AD7097FB-356D-4512-9995-E015312223BB}.Release|Any CPU.Build.0 = Release|Any CPU
		{C0577F9B-60D6-4014-A22F-651586A1EF3F}.Debug|Any CPU.ActiveCfg = Debug|Any CPU
		{C0577F9B-60D6-4014-A22F-651586A1EF3F}.Debug|Any CPU.Build.0 = Debug|Any CPU
		{C0577F9B-60D6-4014-A22F-651586A1EF3F}.Release|Any CPU.ActiveCfg = Release|Any CPU
		{C0577F9B-60D6-4014-A22F-651586A1EF3F}.Release|Any CPU.Build.0 = Release|Any CPU
	EndGlobalSection
	GlobalSection(SolutionProperties) = preSolution
		HideSolutionNode = FALSE
	EndGlobalSection
	GlobalSection(NestedProjects) = preSolution
		{AD7097FB-356D-4512-9995-E015312223BB} = {707965D2-38C0-4C23-9653-CB769D282FDD}
		{A2B95D2F-E039-47F0-BB1E-5AD06BD7C865} = {2553F261-B215-4F99-AA50-BC61254E687D}
		{62C83A3D-F0BB-4CD9-8481-9896E1DDE2B5} = {2553F261-B215-4F99-AA50-BC61254E687D}
		{C0577F9B-60D6-4014-A22F-651586A1EF3F} = {8CCF1A3F-F3AA-466E-A8EE-4988FE8F6532}
	EndGlobalSection
	GlobalSection(ExtensibilityGlobals) = postSolution
		SolutionGuid = {AC409458-7EE5-4CE3-9795-6B026C8A59BB}
	EndGlobalSection
EndGlobal
